
Microsoft Visual Studio Solution File, Format Version 12.00
# Visual Studio 14
VisualStudioVersion = 14.0.25420.1
MinimumVisualStudioVersion = 10.0.40219.1
Project("{FAE04EC0-301F-11D3-BF4B-00C04F79EFBC}") = "Serviconfort.Console", "Serviconfort.Console\Serviconfort.Console.csproj", "{C85FE6A7-B4CA-477B-B722-545F0795D0EF}"
EndProject
Project("{FAE04EC0-301F-11D3-BF4B-00C04F79EFBC}") = "Serviconfort.Entities", "Serviconfort.Entities\Serviconfort.Entities.csproj", "{EBDCAC1A-AC86-4094-BD21-8E567F594664}"
EndProject
Project("{FAE04EC0-301F-11D3-BF4B-00C04F79EFBC}") = "Serviconfort.Persistence", "Serviconfort.Persistence\Serviconfort.Persistence.csproj", "{E3AEFFB6-D789-4494-8D91-2DB1A061BAF8}"
EndProject
Global
	GlobalSection(SolutionConfigurationPlatforms) = preSolution
		Debug|Any CPU = Debug|Any CPU
		Release|Any CPU = Release|Any CPU
	EndGlobalSection
	GlobalSection(ProjectConfigurationPlatforms) = postSolution
		{C85FE6A7-B4CA-477B-B722-545F0795D0EF}.Debug|Any CPU.ActiveCfg = Debug|Any CPU
		{C85FE6A7-B4CA-477B-B722-545F0795D0EF}.Debug|Any CPU.Build.0 = Debug|Any CPU
		{C85FE6A7-B4CA-477B-B722-545F0795D0EF}.Release|Any CPU.ActiveCfg = Release|Any CPU
		{C85FE6A7-B4CA-477B-B722-545F0795D0EF}.Release|Any CPU.Build.0 = Release|Any CPU
		{EBDCAC1A-AC86-4094-BD21-8E567F594664}.Debug|Any CPU.ActiveCfg = Debug|Any CPU
		{EBDCAC1A-AC86-4094-BD21-8E567F594664}.Debug|Any CPU.Build.0 = Debug|Any CPU
		{EBDCAC1A-AC86-4094-BD21-8E567F594664}.Release|Any CPU.ActiveCfg = Release|Any CPU
		{EBDCAC1A-AC86-4094-BD21-8E567F594664}.Release|Any CPU.Build.0 = Release|Any CPU
		{E3AEFFB6-D789-4494-8D91-2DB1A061BAF8}.Debug|Any CPU.ActiveCfg = Debug|Any CPU
		{E3AEFFB6-D789-4494-8D91-2DB1A061BAF8}.Debug|Any CPU.Build.0 = Debug|Any CPU
		{E3AEFFB6-D789-4494-8D91-2DB1A061BAF8}.Release|Any CPU.ActiveCfg = Release|Any CPU
		{E3AEFFB6-D789-4494-8D91-2DB1A061BAF8}.Release|Any CPU.Build.0 = Release|Any CPU
	EndGlobalSection
	GlobalSection(SolutionProperties) = preSolution
		HideSolutionNode = FALSE
	EndGlobalSection
EndGlobal
